
Microsoft Visual Studio Solution File, Format Version 12.00
# Visual Studio Version 17
VisualStudioVersion = 17.11.35327.3
MinimumVisualStudioVersion = 10.0.40219.1
Project("{FAE04EC0-301F-11D3-BF4B-00C04F79EFBC}") = "ADO_hw", "ADO_hw\ADO_hw.csproj", "{E542A386-E583-4E32-B719-B21DAC515B5A}"
EndProject
Global
	GlobalSection(SolutionConfigurationPlatforms) = preSolution
		Debug|Any CPU = Debug|Any CPU
		Release|Any CPU = Release|Any CPU
	EndGlobalSection
	GlobalSection(ProjectConfigurationPlatforms) = postSolution
		{E542A386-E583-4E32-B719-B21DAC515B5A}.Debug|Any CPU.ActiveCfg = Debug|Any CPU
		{E542A386-E583-4E32-B719-B21DAC515B5A}.Debug|Any CPU.Build.0 = Debug|Any CPU
		{E542A386-E583-4E32-B719-B21DAC515B5A}.Release|Any CPU.ActiveCfg = Release|Any CPU
		{E542A386-E583-4E32-B719-B21DAC515B5A}.Release|Any CPU.Build.0 = Release|Any CPU
	EndGlobalSection
	GlobalSection(SolutionProperties) = preSolution
		HideSolutionNode = FALSE
	EndGlobalSection
	GlobalSection(ExtensibilityGlobals) = postSolution
		SolutionGuid = {93C44C2F-CC5E-4CEB-85EB-7DDC5D2C639F}
	EndGlobalSection
EndGlobal
